
Microsoft Visual Studio Solution File, Format Version 12.00
# Visual Studio Version 17
VisualStudioVersion = 17.9.34728.123
MinimumVisualStudioVersion = 10.0.40219.1
Project("{FAE04EC0-301F-11D3-BF4B-00C04F79EFBC}") = "Jogo-Calaboicos", "Jogo-Calaboicos.csproj", "{B70402C7-6C21-4805-B081-D5C9D1672228}"
EndProject
Global
	GlobalSection(SolutionConfigurationPlatforms) = preSolution
		Debug|Any CPU = Debug|Any CPU
		Release|Any CPU = Release|Any CPU
	EndGlobalSection
	GlobalSection(ProjectConfigurationPlatforms) = postSolution
		{B70402C7-6C21-4805-B081-D5C9D1672228}.Debug|Any CPU.ActiveCfg = Debug|Any CPU
		{B70402C7-6C21-4805-B081-D5C9D1672228}.Debug|Any CPU.Build.0 = Debug|Any CPU
		{B70402C7-6C21-4805-B081-D5C9D1672228}.Release|Any CPU.ActiveCfg = Release|Any CPU
		{B70402C7-6C21-4805-B081-D5C9D1672228}.Release|Any CPU.Build.0 = Release|Any CPU
	EndGlobalSection
	GlobalSection(SolutionProperties) = preSolution
		HideSolutionNode = FALSE
	EndGlobalSection
	GlobalSection(ExtensibilityGlobals) = postSolution
		SolutionGuid = {317AACEC-60F5-48E8-9C82-08E99A3845C1}
	EndGlobalSection
EndGlobal
